
Microsoft Visual Studio Solution File, Format Version 12.00
# Visual Studio Version 17
VisualStudioVersion = 17.5.33530.505
MinimumVisualStudioVersion = 10.0.40219.1
Project("{9A19103F-16F7-4668-BE54-9A1E7A4F7556}") = "uanl-ss-main-ui", "ServicioSocialAD2023\uanl-ss-main-ui.csproj", "{ED4BD6EC-EE04-4EB6-9105-81AF032FBE29}"
EndProject
Project("{9A19103F-16F7-4668-BE54-9A1E7A4F7556}") = "uanl-ss-lib-office-excel-local-api", "uanl-ss-lib-office-excel-local-api\uanl-ss-lib-office-excel-local-api.csproj", "{1E16BC95-7211-4C93-979E-3962EEC88F5A}"
EndProject
Project("{9A19103F-16F7-4668-BE54-9A1E7A4F7556}") = "uanl-ss-lib-office-powerpoint-local-api", "uanl-ss-lib-office-powerpoint-local-api\uanl-ss-lib-office-powerpoint-local-api.csproj", "{FA506529-5833-4CCC-A5B8-9DF63076B8CD}"
EndProject
Project("{9A19103F-16F7-4668-BE54-9A1E7A4F7556}") = "uanl-ss-lib-office-outlook-local-api", "uanl-ss-lib-office-outlook-local-api\uanl-ss-lib-office-outlook-local-api.csproj", "{DC786770-AA83-4DB0-8028-510C80EE7616}"
EndProject
Project("{9A19103F-16F7-4668-BE54-9A1E7A4F7556}") = "uanl-ss-lib-office-word-local-api", "uanl-ss-office-word-local-api\uanl-ss-lib-office-word-local-api.csproj", "{EE787CF8-B62A-4FEB-AF2A-0E19CC627075}"
EndProject
Project("{9A19103F-16F7-4668-BE54-9A1E7A4F7556}") = "uanl-ss-lib-adobe-pdf-local-api", "uanl-ss-lib-adobe-pdf-local-api\uanl-ss-lib-adobe-pdf-local-api.csproj", "{7EBE5D29-2BF3-4D94-A03E-EE617B03BA50}"
EndProject
Project("{9A19103F-16F7-4668-BE54-9A1E7A4F7556}") = "uanl-ss-lib-entities-api", "uanl-ss-lib-entities-api\uanl-ss-lib-entities-api.csproj", "{485E0407-FB36-4570-BFED-162C57956197}"
EndProject
Project("{FAE04EC0-301F-11D3-BF4B-00C04F79EFBC}") = "uanl-ss-lib-xml-local-api", "uanl-ss-lib-xml-local-api\uanl-ss-lib-xml-local-api.csproj", "{1A87C2EF-B158-4C50-9B8A-F077A43B9DD1}"
EndProject
Global
	GlobalSection(SolutionConfigurationPlatforms) = preSolution
		Debug|Any CPU = Debug|Any CPU
		Release|Any CPU = Release|Any CPU
	EndGlobalSection
	GlobalSection(ProjectConfigurationPlatforms) = postSolution
		{ED4BD6EC-EE04-4EB6-9105-81AF032FBE29}.Debug|Any CPU.ActiveCfg = Debug|Any CPU
		{ED4BD6EC-EE04-4EB6-9105-81AF032FBE29}.Debug|Any CPU.Build.0 = Debug|Any CPU
		{ED4BD6EC-EE04-4EB6-9105-81AF032FBE29}.Release|Any CPU.ActiveCfg = Release|Any CPU
		{ED4BD6EC-EE04-4EB6-9105-81AF032FBE29}.Release|Any CPU.Build.0 = Release|Any CPU
		{1E16BC95-7211-4C93-979E-3962EEC88F5A}.Debug|Any CPU.ActiveCfg = Debug|Any CPU
		{1E16BC95-7211-4C93-979E-3962EEC88F5A}.Debug|Any CPU.Build.0 = Debug|Any CPU
		{1E16BC95-7211-4C93-979E-3962EEC88F5A}.Release|Any CPU.ActiveCfg = Release|Any CPU
		{1E16BC95-7211-4C93-979E-3962EEC88F5A}.Release|Any CPU.Build.0 = Release|Any CPU
		{FA506529-5833-4CCC-A5B8-9DF63076B8CD}.Debug|Any CPU.ActiveCfg = Debug|Any CPU
		{FA506529-5833-4CCC-A5B8-9DF63076B8CD}.Debug|Any CPU.Build.0 = Debug|Any CPU
		{FA506529-5833-4CCC-A5B8-9DF63076B8CD}.Release|Any CPU.ActiveCfg = Release|Any CPU
		{FA506529-5833-4CCC-A5B8-9DF63076B8CD}.Release|Any CPU.Build.0 = Release|Any CPU
		{DC786770-AA83-4DB0-8028-510C80EE7616}.Debug|Any CPU.ActiveCfg = Debug|Any CPU
		{DC786770-AA83-4DB0-8028-510C80EE7616}.Debug|Any CPU.Build.0 = Debug|Any CPU
		{DC786770-AA83-4DB0-8028-510C80EE7616}.Release|Any CPU.ActiveCfg = Release|Any CPU
		{DC786770-AA83-4DB0-8028-510C80EE7616}.Release|Any CPU.Build.0 = Release|Any CPU
		{EE787CF8-B62A-4FEB-AF2A-0E19CC627075}.Debug|Any CPU.ActiveCfg = Debug|Any CPU
		{EE787CF8-B62A-4FEB-AF2A-0E19CC627075}.Debug|Any CPU.Build.0 = Debug|Any CPU
		{EE787CF8-B62A-4FEB-AF2A-0E19CC627075}.Release|Any CPU.ActiveCfg = Release|Any CPU
		{EE787CF8-B62A-4FEB-AF2A-0E19CC627075}.Release|Any CPU.Build.0 = Release|Any CPU
		{7EBE5D29-2BF3-4D94-A03E-EE617B03BA50}.Debug|Any CPU.ActiveCfg = Debug|Any CPU
		{7EBE5D29-2BF3-4D94-A03E-EE617B03BA50}.Debug|Any CPU.Build.0 = Debug|Any CPU
		{7EBE5D29-2BF3-4D94-A03E-EE617B03BA50}.Release|Any CPU.ActiveCfg = Release|Any CPU
		{7EBE5D29-2BF3-4D94-A03E-EE617B03BA50}.Release|Any CPU.Build.0 = Release|Any CPU
		{485E0407-FB36-4570-BFED-162C57956197}.Debug|Any CPU.ActiveCfg = Debug|Any CPU
		{485E0407-FB36-4570-BFED-162C57956197}.Debug|Any CPU.Build.0 = Debug|Any CPU
		{485E0407-FB36-4570-BFED-162C57956197}.Release|Any CPU.ActiveCfg = Release|Any CPU
		{485E0407-FB36-4570-BFED-162C57956197}.Release|Any CPU.Build.0 = Release|Any CPU
		{1A87C2EF-B158-4C50-9B8A-F077A43B9DD1}.Debug|Any CPU.ActiveCfg = Debug|Any CPU
		{1A87C2EF-B158-4C50-9B8A-F077A43B9DD1}.Debug|Any CPU.Build.0 = Debug|Any CPU
		{1A87C2EF-B158-4C50-9B8A-F077A43B9DD1}.Release|Any CPU.ActiveCfg = Release|Any CPU
		{1A87C2EF-B158-4C50-9B8A-F077A43B9DD1}.Release|Any CPU.Build.0 = Release|Any CPU
	EndGlobalSection
	GlobalSection(SolutionProperties) = preSolution
		HideSolutionNode = FALSE
	EndGlobalSection
	GlobalSection(ExtensibilityGlobals) = postSolution
		SolutionGuid = {BD7F5E0D-6384-4F26-8D53-5F03E24D96EF}
	EndGlobalSection
EndGlobal
